
Microsoft Visual Studio Solution File, Format Version 12.00
# Visual Studio Version 17
VisualStudioVersion = 17.5.33028.167
MinimumVisualStudioVersion = 15.0.26124.0
Project("{9A19103F-16F7-4668-BE54-9A1E7A4F7556}") = "Figletize.Tests", "Figletize.Tests\Figletize.Tests.csproj", "{70205C92-9AEF-422F-AEDF-8EB07BFC554E}"
EndProject
Project("{9A19103F-16F7-4668-BE54-9A1E7A4F7556}") = "Figletize", "Figletize\Figletize.csproj", "{A2CB9674-A27D-48A7-A7BD-DAD5AB8C5F95}"
EndProject
Project("{9A19103F-16F7-4668-BE54-9A1E7A4F7556}") = "Figletize.Cmd", "Figletize.Cmd\Figletize.Cmd.csproj", "{00A6DD06-C313-4111-9F43-1D5DD5940B56}"
EndProject
Project("{9A19103F-16F7-4668-BE54-9A1E7A4F7556}") = "Figletize.Generator", "Figletize.Generator\Figletize.Generator.csproj", "{E69FE91D-09C5-4104-ACF8-8D5A2662B70B}"
EndProject
Project("{9A19103F-16F7-4668-BE54-9A1E7A4F7556}") = "Figletize.Generator.Tests", "Figletize.Generator.Tests\Figletize.Generator.Tests.csproj", "{8695E5C8-7027-409C-8B19-439731AD5335}"
EndProject
Global
	GlobalSection(SolutionConfigurationPlatforms) = preSolution
		Debug|Any CPU = Debug|Any CPU
		Debug|x64 = Debug|x64
		Debug|x86 = Debug|x86
		Release|Any CPU = Release|Any CPU
		Release|x64 = Release|x64
		Release|x86 = Release|x86
	EndGlobalSection
	GlobalSection(ProjectConfigurationPlatforms) = postSolution
		{70205C92-9AEF-422F-AEDF-8EB07BFC554E}.Debug|Any CPU.ActiveCfg = Debug|Any CPU
		{70205C92-9AEF-422F-AEDF-8EB07BFC554E}.Debug|Any CPU.Build.0 = Debug|Any CPU
		{70205C92-9AEF-422F-AEDF-8EB07BFC554E}.Debug|x64.ActiveCfg = Debug|Any CPU
		{70205C92-9AEF-422F-AEDF-8EB07BFC554E}.Debug|x64.Build.0 = Debug|Any CPU
		{70205C92-9AEF-422F-AEDF-8EB07BFC554E}.Debug|x86.ActiveCfg = Debug|Any CPU
		{70205C92-9AEF-422F-AEDF-8EB07BFC554E}.Debug|x86.Build.0 = Debug|Any CPU
		{70205C92-9AEF-422F-AEDF-8EB07BFC554E}.Release|Any CPU.ActiveCfg = Release|Any CPU
		{70205C92-9AEF-422F-AEDF-8EB07BFC554E}.Release|Any CPU.Build.0 = Release|Any CPU
		{70205C92-9AEF-422F-AEDF-8EB07BFC554E}.Release|x64.ActiveCfg = Release|Any CPU
		{70205C92-9AEF-422F-AEDF-8EB07BFC554E}.Release|x64.Build.0 = Release|Any CPU
		{70205C92-9AEF-422F-AEDF-8EB07BFC554E}.Release|x86.ActiveCfg = Release|Any CPU
		{70205C92-9AEF-422F-AEDF-8EB07BFC554E}.Release|x86.Build.0 = Release|Any CPU
		{A2CB9674-A27D-48A7-A7BD-DAD5AB8C5F95}.Debug|Any CPU.ActiveCfg = Debug|Any CPU
		{A2CB9674-A27D-48A7-A7BD-DAD5AB8C5F95}.Debug|Any CPU.Build.0 = Debug|Any CPU
		{A2CB9674-A27D-48A7-A7BD-DAD5AB8C5F95}.Debug|x64.ActiveCfg = Debug|Any CPU
		{A2CB9674-A27D-48A7-A7BD-DAD5AB8C5F95}.Debug|x64.Build.0 = Debug|Any CPU
		{A2CB9674-A27D-48A7-A7BD-DAD5AB8C5F95}.Debug|x86.ActiveCfg = Debug|Any CPU
		{A2CB9674-A27D-48A7-A7BD-DAD5AB8C5F95}.Debug|x86.Build.0 = Debug|Any CPU
		{A2CB9674-A27D-48A7-A7BD-DAD5AB8C5F95}.Release|Any CPU.ActiveCfg = Release|Any CPU
		{A2CB9674-A27D-48A7-A7BD-DAD5AB8C5F95}.Release|Any CPU.Build.0 = Release|Any CPU
		{A2CB9674-A27D-48A7-A7BD-DAD5AB8C5F95}.Release|x64.ActiveCfg = Release|Any CPU
		{A2CB9674-A27D-48A7-A7BD-DAD5AB8C5F95}.Release|x64.Build.0 = Release|Any CPU
		{A2CB9674-A27D-48A7-A7BD-DAD5AB8C5F95}.Release|x86.ActiveCfg = Release|Any CPU
		{A2CB9674-A27D-48A7-A7BD-DAD5AB8C5F95}.Release|x86.Build.0 = Release|Any CPU
		{00A6DD06-C313-4111-9F43-1D5DD5940B56}.Debug|Any CPU.ActiveCfg = Debug|Any CPU
		{00A6DD06-C313-4111-9F43-1D5DD5940B56}.Debug|Any CPU.Build.0 = Debug|Any CPU
		{00A6DD06-C313-4111-9F43-1D5DD5940B56}.Debug|x64.ActiveCfg = Debug|Any CPU
		{00A6DD06-C313-4111-9F43-1D5DD5940B56}.Debug|x64.Build.0 = Debug|Any CPU
		{00A6DD06-C313-4111-9F43-1D5DD5940B56}.Debug|x86.ActiveCfg = Debug|Any CPU
		{00A6DD06-C313-4111-9F43-1D5DD5940B56}.Debug|x86.Build.0 = Debug|Any CPU
		{00A6DD06-C313-4111-9F43-1D5DD5940B56}.Release|Any CPU.ActiveCfg = Release|Any CPU
		{00A6DD06-C313-4111-9F43-1D5DD5940B56}.Release|Any CPU.Build.0 = Release|Any CPU
		{00A6DD06-C313-4111-9F43-1D5DD5940B56}.Release|x64.ActiveCfg = Release|Any CPU
		{00A6DD06-C313-4111-9F43-1D5DD5940B56}.Release|x64.Build.0 = Release|Any CPU
		{00A6DD06-C313-4111-9F43-1D5DD5940B56}.Release|x86.ActiveCfg = Release|Any CPU
		{00A6DD06-C313-4111-9F43-1D5DD5940B56}.Release|x86.Build.0 = Release|Any CPU
		{E69FE91D-09C5-4104-ACF8-8D5A2662B70B}.Debug|Any CPU.ActiveCfg = Debug|Any CPU
		{E69FE91D-09C5-4104-ACF8-8D5A2662B70B}.Debug|Any CPU.Build.0 = Debug|Any CPU
		{E69FE91D-09C5-4104-ACF8-8D5A2662B70B}.Debug|x64.ActiveCfg = Debug|Any CPU
		{E69FE91D-09C5-4104-ACF8-8D5A2662B70B}.Debug|x64.Build.0 = Debug|Any CPU
		{E69FE91D-09C5-4104-ACF8-8D5A2662B70B}.Debug|x86.ActiveCfg = Debug|Any CPU
		{E69FE91D-09C5-4104-ACF8-8D5A2662B70B}.Debug|x86.Build.0 = Debug|Any CPU
		{E69FE91D-09C5-4104-ACF8-8D5A2662B70B}.Release|Any CPU.ActiveCfg = Release|Any CPU
		{E69FE91D-09C5-4104-ACF8-8D5A2662B70B}.Release|Any CPU.Build.0 = Release|Any CPU
		{E69FE91D-09C5-4104-ACF8-8D5A2662B70B}.Release|x64.ActiveCfg = Release|Any CPU
		{E69FE91D-09C5-4104-ACF8-8D5A2662B70B}.Release|x64.Build.0 = Release|Any CPU
		{E69FE91D-09C5-4104-ACF8-8D5A2662B70B}.Release|x86.ActiveCfg = Release|Any CPU
		{E69FE91D-09C5-4104-ACF8-8D5A2662B70B}.Release|x86.Build.0 = Release|Any CPU
		{8695E5C8-7027-409C-8B19-439731AD5335}.Debug|Any CPU.ActiveCfg = Debug|Any CPU
		{8695E5C8-7027-409C-8B19-439731AD5335}.Debug|Any CPU.Build.0 = Debug|Any CPU
		{8695E5C8-7027-409C-8B19-439731AD5335}.Debug|x64.ActiveCfg = Debug|Any CPU
		{8695E5C8-7027-409C-8B19-439731AD5335}.Debug|x64.Build.0 = Debug|Any CPU
		{8695E5C8-7027-409C-8B19-439731AD5335}.Debug|x86.ActiveCfg = Debug|Any CPU
		{8695E5C8-7027-409C-8B19-439731AD5335}.Debug|x86.Build.0 = Debug|Any CPU
		{8695E5C8-7027-409C-8B19-439731AD5335}.Release|Any CPU.ActiveCfg = Release|Any CPU
		{8695E5C8-7027-409C-8B19-439731AD5335}.Release|Any CPU.Build.0 = Release|Any CPU
		{8695E5C8-7027-409C-8B19-439731AD5335}.Release|x64.ActiveCfg = Release|Any CPU
		{8695E5C8-7027-409C-8B19-439731AD5335}.Release|x64.Build.0 = Release|Any CPU
		{8695E5C8-7027-409C-8B19-439731AD5335}.Release|x86.ActiveCfg = Release|Any CPU
		{8695E5C8-7027-409C-8B19-439731AD5335}.Release|x86.Build.0 = Release|Any CPU
	EndGlobalSection
	GlobalSection(SolutionProperties) = preSolution
		HideSolutionNode = FALSE
	EndGlobalSection
	GlobalSection(ExtensibilityGlobals) = postSolution
		SolutionGuid = {69F27669-F6DA-410D-8F8B-9E6877CC73F4}
	EndGlobalSection
EndGlobal
